
Microsoft Visual Studio Solution File, Format Version 12.00
# Visual Studio 15
VisualStudioVersion = 15.0.27004.2009
MinimumVisualStudioVersion = 10.0.40219.1
Project("{FAE04EC0-301F-11D3-BF4B-00C04F79EFBC}") = "ContractTypesettingAssistant", "ContractTypesettingAssistant\ContractTypesettingAssistant.csproj", "{273ACA03-9F50-4A4B-8224-2E3E79247854}"
EndProject
Global
	GlobalSection(SolutionConfigurationPlatforms) = preSolution
		Debug|Any CPU = Debug|Any CPU
		Release|Any CPU = Release|Any CPU
	EndGlobalSection
	GlobalSection(ProjectConfigurationPlatforms) = postSolution
		{273ACA03-9F50-4A4B-8224-2E3E79247854}.Debug|Any CPU.ActiveCfg = Debug|Any CPU
		{273ACA03-9F50-4A4B-8224-2E3E79247854}.Debug|Any CPU.Build.0 = Debug|Any CPU
		{273ACA03-9F50-4A4B-8224-2E3E79247854}.Release|Any CPU.ActiveCfg = Release|Any CPU
		{273ACA03-9F50-4A4B-8224-2E3E79247854}.Release|Any CPU.Build.0 = Release|Any CPU
	EndGlobalSection
	GlobalSection(SolutionProperties) = preSolution
		HideSolutionNode = FALSE
	EndGlobalSection
	GlobalSection(ExtensibilityGlobals) = postSolution
		SolutionGuid = {857C6A13-A0BD-45C4-99C0-4F169BE2E063}
	EndGlobalSection
EndGlobal
